github.com/theobitoproject/kankuro v1.0.0 h1:r2KqLi229BppghFpPyRi3WZNDWDiIAzlH8pRbsI6cYc=
github.com/theobitoproject/kankuro v1.0.0/go.mod h1:LKb7Nn5wxdHVCWlQ3Dwv8OSj/tQ8yuKJX0XIZVGX3qE=
github.com/theobitoproject/kankuro v1.1.0 h1:1GVy6GkLQpWAdGodQivV/ck/jirwnYy7IQ11NrL/7Ak=
github.com/theobitoproject/kankuro v1.1.0/go.mod h1:LKb7Nn5wxdHVCWlQ3Dwv8OSj/tQ8yuKJX0XIZVGX3qE=
github.com/theobitoproject/kankuro v1.2.0 h1:qbnE73zyE4e+E0SF4znB+hE43jOXkR2M8JU+UGNMMWI=
github.com/theobitoproject/kankuro v1.2.0/go.mod h1:LKb7Nn5wxdHVCWlQ3Dwv8OSj/tQ8yuKJX0XIZVGX3qE=
github.com/theobitoproject/kankuro v1.3.0 h1:KXqFeicrWNXDNOhd3nDzHwBbGN4DfEwcSfH1YarDE18=
github.com/theobitoproject/kankuro v1.3.0/go.mod h1:LKb7Nn5wxdHVCWlQ3Dwv8OSj/tQ8yuKJX0XIZVGX3qE=
github.com/theobitoproject/kankuro v1.4.0 h1:+8jBFo+FHrrVoV5xuo6XviG30nKZrHfGMnbXREkdJgI=
github.com/theobitoproject/kankuro v1.4.0/go.mod h1:LKb7Nn5wxdHVCWlQ3Dwv8OSj/tQ8yuKJX0XIZVGX3qE=
